
Microsoft Visual Studio Solution File, Format Version 12.00
# Visual Studio Version 16
VisualStudioVersion = 16.0.30907.101
MinimumVisualStudioVersion = 10.0.40219.1
Project("{FAE04EC0-301F-11D3-BF4B-00C04F79EFBC}") = "lab4", "lab4\lab4.csproj", "{2BC6DD99-B211-412B-9EA2-29EB7A0BFA3A}"
EndProject
Global
	GlobalSection(SolutionConfigurationPlatforms) = preSolution
		Debug|Any CPU = Debug|Any CPU
		Release|Any CPU = Release|Any CPU
	EndGlobalSection
	GlobalSection(ProjectConfigurationPlatforms) = postSolution
		{2BC6DD99-B211-412B-9EA2-29EB7A0BFA3A}.Debug|Any CPU.ActiveCfg = Debug|Any CPU
		{2BC6DD99-B211-412B-9EA2-29EB7A0BFA3A}.Debug|Any CPU.Build.0 = Debug|Any CPU
		{2BC6DD99-B211-412B-9EA2-29EB7A0BFA3A}.Release|Any CPU.ActiveCfg = Release|Any CPU
		{2BC6DD99-B211-412B-9EA2-29EB7A0BFA3A}.Release|Any CPU.Build.0 = Release|Any CPU
	EndGlobalSection
	GlobalSection(SolutionProperties) = preSolution
		HideSolutionNode = FALSE
	EndGlobalSection
	GlobalSection(ExtensibilityGlobals) = postSolution
		SolutionGuid = {4375CC16-6718-4E29-A794-915B7E7B420E}
	EndGlobalSection
EndGlobal
